
Microsoft Visual Studio Solution File, Format Version 12.00
# Visual Studio Version 16
VisualStudioVersion = 16.0.29215.179
MinimumVisualStudioVersion = 10.0.40219.1
Project("{9A19103F-16F7-4668-BE54-9A1E7A4F7556}") = "ProductDb.Common", "ProductDb.Common\ProductDb.Common.csproj", "{E36BBCDB-0737-4E4C-B861-C45C97845C79}"
EndProject
Project("{9A19103F-16F7-4668-BE54-9A1E7A4F7556}") = "ProductDb.Data", "ProductDb.Data\ProductDb.Data.csproj", "{AD1E4260-2F48-4560-94E8-B1E7FD7A0D55}"
EndProject
Project("{9A19103F-16F7-4668-BE54-9A1E7A4F7556}") = "ProductDb.Mapping", "ProductDb.Mapping\ProductDb.Mapping.csproj", "{E6F67E8C-8B2E-45C3-BFAB-E2FD2F510178}"
EndProject
Project("{9A19103F-16F7-4668-BE54-9A1E7A4F7556}") = "ProductDb.Services", "ProductDb.Services\ProductDb.Services.csproj", "{D7A2B631-0AD7-46CB-9E22-90AA5341862A}"
EndProject
Project("{9A19103F-16F7-4668-BE54-9A1E7A4F7556}") = "ProductDb.Repositories", "ProductDb.Repositories\ProductDb.Repositories.csproj", "{FDBE708F-64C6-4108-9DE0-81D6FA42CC7F}"
EndProject
Project("{2150E333-8FDC-42A3-9474-1A3956D46DE8}") = "Infrastructure", "Infrastructure", "{57CCB6F0-E05C-45B5-81BB-3D8E5EEFAA63}"
EndProject
Project("{2150E333-8FDC-42A3-9474-1A3956D46DE8}") = "Presentation", "Presentation", "{80C762FF-CBB8-4AC6-A85D-14957F1FBE8C}"
EndProject
Project("{9A19103F-16F7-4668-BE54-9A1E7A4F7556}") = "ProductDb.Admin", "ProductDb.Admin\ProductDb.Admin.csproj", "{DDF54E11-8DA6-4351-8780-E1200AB7EDD6}"
EndProject
Project("{9A19103F-16F7-4668-BE54-9A1E7A4F7556}") = "ProductDb.Logging", "ProductDb.Logging\ProductDb.Logging.csproj", "{B72E0B2A-4544-47FD-A570-4CCFFA1C7201}"
EndProject
Project("{2150E333-8FDC-42A3-9474-1A3956D46DE8}") = "WinService", "WinService", "{0685A213-24CD-4F85-B0F8-3188B725A5A2}"
EndProject
Project("{FAE04EC0-301F-11D3-BF4B-00C04F79EFBC}") = "ProductDb.WinService", "ProductDb.WinService\ProductDb.WinService.csproj", "{A67F9818-853F-47BA-8686-DDBB571B1EA9}"
EndProject
Project("{2150E333-8FDC-42A3-9474-1A3956D46DE8}") = "Services", "Services", "{820084F0-6605-4FD0-AC50-8848C6B3BF02}"
EndProject
Project("{9A19103F-16F7-4668-BE54-9A1E7A4F7556}") = "ProductDb.Api.Export", "ProductDb.Api.Export\ProductDb.Api.Export.csproj", "{2669A679-042A-4C91-9926-0FB591ED5E83}"
EndProject
Project("{9A19103F-16F7-4668-BE54-9A1E7A4F7556}") = "ProductDb.ApiClient", "ProductDb.ApiClient\ProductDb.ApiClient.csproj", "{100205AD-1805-4384-A8B3-DE91CA3DADD2}"
EndProject
Project("{2150E333-8FDC-42A3-9474-1A3956D46DE8}") = "ProjectManagmentSystem", "ProjectManagmentSystem", "{7E444A69-ACD8-4D2B-A9B3-8B6C73C4D445}"
EndProject
Project("{9A19103F-16F7-4668-BE54-9A1E7A4F7556}") = "PMS.API", "PMS.API\PMS.API.csproj", "{3CE5AAFF-79FA-47EA-898B-380A363DCF66}"
EndProject
Project("{9A19103F-16F7-4668-BE54-9A1E7A4F7556}") = "PMS.Common", "PMS.Common\PMS.Common.csproj", "{A23CC600-0191-47F0-8B69-2703C64C4E8B}"
EndProject
Project("{9A19103F-16F7-4668-BE54-9A1E7A4F7556}") = "PMS.Data", "PMS.Data\PMS.Data.csproj", "{82288B89-6B69-4805-A4E6-01C3B94D3E36}"
EndProject
Project("{9A19103F-16F7-4668-BE54-9A1E7A4F7556}") = "PMS.Dummy", "PMS.Dummy\PMS.Dummy.csproj", "{13390789-1FD3-4939-8E78-B29064CB7F2B}"
EndProject
Project("{9A19103F-16F7-4668-BE54-9A1E7A4F7556}") = "PMS.LogoService", "PMS.LogoService\PMS.LogoService.csproj", "{4F650BEB-7EC0-4D5A-9BC0-8F544696E73B}"
EndProject
Project("{9A19103F-16F7-4668-BE54-9A1E7A4F7556}") = "PMS.Mapping", "PMS.Mapping\PMS.Mapping.csproj", "{B9AB155C-AE2A-43ED-8F70-4982F4FE1702}"
EndProject
Project("{9A19103F-16F7-4668-BE54-9A1E7A4F7556}") = "PMS.Service", "PMS.Service\PMS.Service.csproj", "{EA4E5FB3-5FFF-470F-AC2D-383BB15E29C8}"
EndProject
Project("{9A19103F-16F7-4668-BE54-9A1E7A4F7556}") = "ProductDb.ExportApi", "ProductDb.ExportApi\ProductDb.ExportApi.csproj", "{FABFC259-4FAB-4352-AA4F-7123B0A60667}"
EndProject
Global
	GlobalSection(SolutionConfigurationPlatforms) = preSolution
		Debug|Any CPU = Debug|Any CPU
		Release|Any CPU = Release|Any CPU
	EndGlobalSection
	GlobalSection(ProjectConfigurationPlatforms) = postSolution
		{E36BBCDB-0737-4E4C-B861-C45C97845C79}.Debug|Any CPU.ActiveCfg = Debug|Any CPU
		{E36BBCDB-0737-4E4C-B861-C45C97845C79}.Debug|Any CPU.Build.0 = Debug|Any CPU
		{E36BBCDB-0737-4E4C-B861-C45C97845C79}.Release|Any CPU.ActiveCfg = Release|Any CPU
		{E36BBCDB-0737-4E4C-B861-C45C97845C79}.Release|Any CPU.Build.0 = Release|Any CPU
		{AD1E4260-2F48-4560-94E8-B1E7FD7A0D55}.Debug|Any CPU.ActiveCfg = Debug|Any CPU
		{AD1E4260-2F48-4560-94E8-B1E7FD7A0D55}.Debug|Any CPU.Build.0 = Debug|Any CPU
		{AD1E4260-2F48-4560-94E8-B1E7FD7A0D55}.Release|Any CPU.ActiveCfg = Release|Any CPU
		{AD1E4260-2F48-4560-94E8-B1E7FD7A0D55}.Release|Any CPU.Build.0 = Release|Any CPU
		{E6F67E8C-8B2E-45C3-BFAB-E2FD2F510178}.Debug|Any CPU.ActiveCfg = Debug|Any CPU
		{E6F67E8C-8B2E-45C3-BFAB-E2FD2F510178}.Debug|Any CPU.Build.0 = Debug|Any CPU
		{E6F67E8C-8B2E-45C3-BFAB-E2FD2F510178}.Release|Any CPU.ActiveCfg = Release|Any CPU
		{E6F67E8C-8B2E-45C3-BFAB-E2FD2F510178}.Release|Any CPU.Build.0 = Release|Any CPU
		{D7A2B631-0AD7-46CB-9E22-90AA5341862A}.Debug|Any CPU.ActiveCfg = Debug|Any CPU
		{D7A2B631-0AD7-46CB-9E22-90AA5341862A}.Debug|Any CPU.Build.0 = Debug|Any CPU
		{D7A2B631-0AD7-46CB-9E22-90AA5341862A}.Release|Any CPU.ActiveCfg = Release|Any CPU
		{D7A2B631-0AD7-46CB-9E22-90AA5341862A}.Release|Any CPU.Build.0 = Release|Any CPU
		{FDBE708F-64C6-4108-9DE0-81D6FA42CC7F}.Debug|Any CPU.ActiveCfg = Debug|Any CPU
		{FDBE708F-64C6-4108-9DE0-81D6FA42CC7F}.Debug|Any CPU.Build.0 = Debug|Any CPU
		{FDBE708F-64C6-4108-9DE0-81D6FA42CC7F}.Release|Any CPU.ActiveCfg = Release|Any CPU
		{FDBE708F-64C6-4108-9DE0-81D6FA42CC7F}.Release|Any CPU.Build.0 = Release|Any CPU
		{DDF54E11-8DA6-4351-8780-E1200AB7EDD6}.Debug|Any CPU.ActiveCfg = Debug|Any CPU
		{DDF54E11-8DA6-4351-8780-E1200AB7EDD6}.Debug|Any CPU.Build.0 = Debug|Any CPU
		{DDF54E11-8DA6-4351-8780-E1200AB7EDD6}.Release|Any CPU.ActiveCfg = Release|Any CPU
		{DDF54E11-8DA6-4351-8780-E1200AB7EDD6}.Release|Any CPU.Build.0 = Release|Any CPU
		{B72E0B2A-4544-47FD-A570-4CCFFA1C7201}.Debug|Any CPU.ActiveCfg = Debug|Any CPU
		{B72E0B2A-4544-47FD-A570-4CCFFA1C7201}.Debug|Any CPU.Build.0 = Debug|Any CPU
		{B72E0B2A-4544-47FD-A570-4CCFFA1C7201}.Release|Any CPU.ActiveCfg = Release|Any CPU
		{B72E0B2A-4544-47FD-A570-4CCFFA1C7201}.Release|Any CPU.Build.0 = Release|Any CPU
		{A67F9818-853F-47BA-8686-DDBB571B1EA9}.Debug|Any CPU.ActiveCfg = Debug|Any CPU
		{A67F9818-853F-47BA-8686-DDBB571B1EA9}.Debug|Any CPU.Build.0 = Debug|Any CPU
		{A67F9818-853F-47BA-8686-DDBB571B1EA9}.Release|Any CPU.ActiveCfg = Release|Any CPU
		{A67F9818-853F-47BA-8686-DDBB571B1EA9}.Release|Any CPU.Build.0 = Release|Any CPU
		{2669A679-042A-4C91-9926-0FB591ED5E83}.Debug|Any CPU.ActiveCfg = Debug|Any CPU
		{2669A679-042A-4C91-9926-0FB591ED5E83}.Debug|Any CPU.Build.0 = Debug|Any CPU
		{2669A679-042A-4C91-9926-0FB591ED5E83}.Release|Any CPU.ActiveCfg = Release|Any CPU
		{2669A679-042A-4C91-9926-0FB591ED5E83}.Release|Any CPU.Build.0 = Release|Any CPU
		{100205AD-1805-4384-A8B3-DE91CA3DADD2}.Debug|Any CPU.ActiveCfg = Debug|Any CPU
		{100205AD-1805-4384-A8B3-DE91CA3DADD2}.Debug|Any CPU.Build.0 = Debug|Any CPU
		{100205AD-1805-4384-A8B3-DE91CA3DADD2}.Release|Any CPU.ActiveCfg = Release|Any CPU
		{100205AD-1805-4384-A8B3-DE91CA3DADD2}.Release|Any CPU.Build.0 = Release|Any CPU
		{3CE5AAFF-79FA-47EA-898B-380A363DCF66}.Debug|Any CPU.ActiveCfg = Debug|Any CPU
		{3CE5AAFF-79FA-47EA-898B-380A363DCF66}.Debug|Any CPU.Build.0 = Debug|Any CPU
		{3CE5AAFF-79FA-47EA-898B-380A363DCF66}.Release|Any CPU.ActiveCfg = Release|Any CPU
		{3CE5AAFF-79FA-47EA-898B-380A363DCF66}.Release|Any CPU.Build.0 = Release|Any CPU
		{A23CC600-0191-47F0-8B69-2703C64C4E8B}.Debug|Any CPU.ActiveCfg = Debug|Any CPU
		{A23CC600-0191-47F0-8B69-2703C64C4E8B}.Debug|Any CPU.Build.0 = Debug|Any CPU
		{A23CC600-0191-47F0-8B69-2703C64C4E8B}.Release|Any CPU.ActiveCfg = Release|Any CPU
		{A23CC600-0191-47F0-8B69-2703C64C4E8B}.Release|Any CPU.Build.0 = Release|Any CPU
		{82288B89-6B69-4805-A4E6-01C3B94D3E36}.Debug|Any CPU.ActiveCfg = Debug|Any CPU
		{82288B89-6B69-4805-A4E6-01C3B94D3E36}.Debug|Any CPU.Build.0 = Debug|Any CPU
		{82288B89-6B69-4805-A4E6-01C3B94D3E36}.Release|Any CPU.ActiveCfg = Release|Any CPU
		{82288B89-6B69-4805-A4E6-01C3B94D3E36}.Release|Any CPU.Build.0 = Release|Any CPU
		{13390789-1FD3-4939-8E78-B29064CB7F2B}.Debug|Any CPU.ActiveCfg = Debug|Any CPU
		{13390789-1FD3-4939-8E78-B29064CB7F2B}.Debug|Any CPU.Build.0 = Debug|Any CPU
		{13390789-1FD3-4939-8E78-B29064CB7F2B}.Release|Any CPU.ActiveCfg = Release|Any CPU
		{13390789-1FD3-4939-8E78-B29064CB7F2B}.Release|Any CPU.Build.0 = Release|Any CPU
		{4F650BEB-7EC0-4D5A-9BC0-8F544696E73B}.Debug|Any CPU.ActiveCfg = Debug|Any CPU
		{4F650BEB-7EC0-4D5A-9BC0-8F544696E73B}.Debug|Any CPU.Build.0 = Debug|Any CPU
		{4F650BEB-7EC0-4D5A-9BC0-8F544696E73B}.Release|Any CPU.ActiveCfg = Release|Any CPU
		{4F650BEB-7EC0-4D5A-9BC0-8F544696E73B}.Release|Any CPU.Build.0 = Release|Any CPU
		{B9AB155C-AE2A-43ED-8F70-4982F4FE1702}.Debug|Any CPU.ActiveCfg = Debug|Any CPU
		{B9AB155C-AE2A-43ED-8F70-4982F4FE1702}.Debug|Any CPU.Build.0 = Debug|Any CPU
		{B9AB155C-AE2A-43ED-8F70-4982F4FE1702}.Release|Any CPU.ActiveCfg = Release|Any CPU
		{B9AB155C-AE2A-43ED-8F70-4982F4FE1702}.Release|Any CPU.Build.0 = Release|Any CPU
		{EA4E5FB3-5FFF-470F-AC2D-383BB15E29C8}.Debug|Any CPU.ActiveCfg = Debug|Any CPU
		{EA4E5FB3-5FFF-470F-AC2D-383BB15E29C8}.Debug|Any CPU.Build.0 = Debug|Any CPU
		{EA4E5FB3-5FFF-470F-AC2D-383BB15E29C8}.Release|Any CPU.ActiveCfg = Release|Any CPU
		{EA4E5FB3-5FFF-470F-AC2D-383BB15E29C8}.Release|Any CPU.Build.0 = Release|Any CPU
		{FABFC259-4FAB-4352-AA4F-7123B0A60667}.Debug|Any CPU.ActiveCfg = Debug|Any CPU
		{FABFC259-4FAB-4352-AA4F-7123B0A60667}.Debug|Any CPU.Build.0 = Debug|Any CPU
		{FABFC259-4FAB-4352-AA4F-7123B0A60667}.Release|Any CPU.ActiveCfg = Release|Any CPU
		{FABFC259-4FAB-4352-AA4F-7123B0A60667}.Release|Any CPU.Build.0 = Release|Any CPU
	EndGlobalSection
	GlobalSection(SolutionProperties) = preSolution
		HideSolutionNode = FALSE
	EndGlobalSection
	GlobalSection(NestedProjects) = preSolution
		{E36BBCDB-0737-4E4C-B861-C45C97845C79} = {57CCB6F0-E05C-45B5-81BB-3D8E5EEFAA63}
		{AD1E4260-2F48-4560-94E8-B1E7FD7A0D55} = {57CCB6F0-E05C-45B5-81BB-3D8E5EEFAA63}
		{E6F67E8C-8B2E-45C3-BFAB-E2FD2F510178} = {57CCB6F0-E05C-45B5-81BB-3D8E5EEFAA63}
		{D7A2B631-0AD7-46CB-9E22-90AA5341862A} = {57CCB6F0-E05C-45B5-81BB-3D8E5EEFAA63}
		{FDBE708F-64C6-4108-9DE0-81D6FA42CC7F} = {57CCB6F0-E05C-45B5-81BB-3D8E5EEFAA63}
		{DDF54E11-8DA6-4351-8780-E1200AB7EDD6} = {80C762FF-CBB8-4AC6-A85D-14957F1FBE8C}
		{B72E0B2A-4544-47FD-A570-4CCFFA1C7201} = {57CCB6F0-E05C-45B5-81BB-3D8E5EEFAA63}
		{A67F9818-853F-47BA-8686-DDBB571B1EA9} = {0685A213-24CD-4F85-B0F8-3188B725A5A2}
		{2669A679-042A-4C91-9926-0FB591ED5E83} = {820084F0-6605-4FD0-AC50-8848C6B3BF02}
		{100205AD-1805-4384-A8B3-DE91CA3DADD2} = {57CCB6F0-E05C-45B5-81BB-3D8E5EEFAA63}
		{3CE5AAFF-79FA-47EA-898B-380A363DCF66} = {7E444A69-ACD8-4D2B-A9B3-8B6C73C4D445}
		{A23CC600-0191-47F0-8B69-2703C64C4E8B} = {7E444A69-ACD8-4D2B-A9B3-8B6C73C4D445}
		{82288B89-6B69-4805-A4E6-01C3B94D3E36} = {7E444A69-ACD8-4D2B-A9B3-8B6C73C4D445}
		{13390789-1FD3-4939-8E78-B29064CB7F2B} = {7E444A69-ACD8-4D2B-A9B3-8B6C73C4D445}
		{4F650BEB-7EC0-4D5A-9BC0-8F544696E73B} = {7E444A69-ACD8-4D2B-A9B3-8B6C73C4D445}
		{B9AB155C-AE2A-43ED-8F70-4982F4FE1702} = {7E444A69-ACD8-4D2B-A9B3-8B6C73C4D445}
		{EA4E5FB3-5FFF-470F-AC2D-383BB15E29C8} = {7E444A69-ACD8-4D2B-A9B3-8B6C73C4D445}
		{FABFC259-4FAB-4352-AA4F-7123B0A60667} = {80C762FF-CBB8-4AC6-A85D-14957F1FBE8C}
	EndGlobalSection
	GlobalSection(ExtensibilityGlobals) = postSolution
		SolutionGuid = {5FEA00FB-91CA-4E8C-827F-9E09EA0F72EF}
	EndGlobalSection
EndGlobal
